
Microsoft Visual Studio Solution File, Format Version 12.00
# Visual Studio Version 16
VisualStudioVersion = 16.0.30517.126
MinimumVisualStudioVersion = 10.0.40219.1
Project("{FAE04EC0-301F-11D3-BF4B-00C04F79EFBC}") = "Aula-06-10-CRUDFramework", "Aula-06-10-CRUDFramework\Aula-06-10-CRUDFramework.csproj", "{41736AA3-5612-4CD8-BF37-2D248AB5E6EF}"
EndProject
Global
	GlobalSection(SolutionConfigurationPlatforms) = preSolution
		Debug|Any CPU = Debug|Any CPU
		Release|Any CPU = Release|Any CPU
	EndGlobalSection
	GlobalSection(ProjectConfigurationPlatforms) = postSolution
		{41736AA3-5612-4CD8-BF37-2D248AB5E6EF}.Debug|Any CPU.ActiveCfg = Debug|Any CPU
		{41736AA3-5612-4CD8-BF37-2D248AB5E6EF}.Debug|Any CPU.Build.0 = Debug|Any CPU
		{41736AA3-5612-4CD8-BF37-2D248AB5E6EF}.Release|Any CPU.ActiveCfg = Release|Any CPU
		{41736AA3-5612-4CD8-BF37-2D248AB5E6EF}.Release|Any CPU.Build.0 = Release|Any CPU
	EndGlobalSection
	GlobalSection(SolutionProperties) = preSolution
		HideSolutionNode = FALSE
	EndGlobalSection
	GlobalSection(ExtensibilityGlobals) = postSolution
		SolutionGuid = {C580C87F-4CDC-4D4B-ABB4-249D7954C6E8}
	EndGlobalSection
EndGlobal
